
Microsoft Visual Studio Solution File, Format Version 12.00
# Visual Studio Version 17
VisualStudioVersion = 17.7.34024.191
MinimumVisualStudioVersion = 10.0.40219.1
Project("{FAE04EC0-301F-11D3-BF4B-00C04F79EFBC}") = "SistemaVentasPresentacion", "SistemaVentasPresentacion\SistemaVentasPresentacion.csproj", "{6987B594-C2D6-4E04-942D-3B609B258981}"
EndProject
Project("{FAE04EC0-301F-11D3-BF4B-00C04F79EFBC}") = "CapaEntidad", "CapaEntidad\CapaEntidad.csproj", "{104B1270-0718-4AF5-8D89-9090913EB8D8}"
EndProject
Project("{FAE04EC0-301F-11D3-BF4B-00C04F79EFBC}") = "CapaNegocio", "CapaNegocio\CapaNegocio.csproj", "{585B71DB-51EE-44B8-AEF0-67B9684F07CF}"
EndProject
Project("{FAE04EC0-301F-11D3-BF4B-00C04F79EFBC}") = "CapaDatos", "CapaDatos\CapaDatos.csproj", "{8C9B3BAA-DEA9-4AC3-A05E-46690D886862}"
EndProject
Global
	GlobalSection(SolutionConfigurationPlatforms) = preSolution
		Debug|Any CPU = Debug|Any CPU
		Release|Any CPU = Release|Any CPU
	EndGlobalSection
	GlobalSection(ProjectConfigurationPlatforms) = postSolution
		{6987B594-C2D6-4E04-942D-3B609B258981}.Debug|Any CPU.ActiveCfg = Debug|Any CPU
		{6987B594-C2D6-4E04-942D-3B609B258981}.Debug|Any CPU.Build.0 = Debug|Any CPU
		{6987B594-C2D6-4E04-942D-3B609B258981}.Release|Any CPU.ActiveCfg = Release|Any CPU
		{6987B594-C2D6-4E04-942D-3B609B258981}.Release|Any CPU.Build.0 = Release|Any CPU
		{104B1270-0718-4AF5-8D89-9090913EB8D8}.Debug|Any CPU.ActiveCfg = Debug|Any CPU
		{104B1270-0718-4AF5-8D89-9090913EB8D8}.Debug|Any CPU.Build.0 = Debug|Any CPU
		{104B1270-0718-4AF5-8D89-9090913EB8D8}.Release|Any CPU.ActiveCfg = Release|Any CPU
		{104B1270-0718-4AF5-8D89-9090913EB8D8}.Release|Any CPU.Build.0 = Release|Any CPU
		{585B71DB-51EE-44B8-AEF0-67B9684F07CF}.Debug|Any CPU.ActiveCfg = Debug|Any CPU
		{585B71DB-51EE-44B8-AEF0-67B9684F07CF}.Debug|Any CPU.Build.0 = Debug|Any CPU
		{585B71DB-51EE-44B8-AEF0-67B9684F07CF}.Release|Any CPU.ActiveCfg = Release|Any CPU
		{585B71DB-51EE-44B8-AEF0-67B9684F07CF}.Release|Any CPU.Build.0 = Release|Any CPU
		{8C9B3BAA-DEA9-4AC3-A05E-46690D886862}.Debug|Any CPU.ActiveCfg = Debug|Any CPU
		{8C9B3BAA-DEA9-4AC3-A05E-46690D886862}.Debug|Any CPU.Build.0 = Debug|Any CPU
		{8C9B3BAA-DEA9-4AC3-A05E-46690D886862}.Release|Any CPU.ActiveCfg = Release|Any CPU
		{8C9B3BAA-DEA9-4AC3-A05E-46690D886862}.Release|Any CPU.Build.0 = Release|Any CPU
	EndGlobalSection
	GlobalSection(SolutionProperties) = preSolution
		HideSolutionNode = FALSE
	EndGlobalSection
	GlobalSection(ExtensibilityGlobals) = postSolution
		SolutionGuid = {9CBE01A7-C40D-424E-9EB9-8F8339938CCF}
	EndGlobalSection
EndGlobal
